
Microsoft Visual Studio Solution File, Format Version 12.00
# Visual Studio Version 16
VisualStudioVersion = 16.0.30907.101
MinimumVisualStudioVersion = 10.0.40219.1
Project("{FAE04EC0-301F-11D3-BF4B-00C04F79EFBC}") = "JenkinsConsole", "JenkinsConsole\JenkinsConsole.csproj", "{96A42178-F99E-444B-93F7-4A1899E1E621}"
EndProject
Global
	GlobalSection(SolutionConfigurationPlatforms) = preSolution
		Debug|Any CPU = Debug|Any CPU
		Release|Any CPU = Release|Any CPU
	EndGlobalSection
	GlobalSection(ProjectConfigurationPlatforms) = postSolution
		{96A42178-F99E-444B-93F7-4A1899E1E621}.Debug|Any CPU.ActiveCfg = Debug|Any CPU
		{96A42178-F99E-444B-93F7-4A1899E1E621}.Debug|Any CPU.Build.0 = Debug|Any CPU
		{96A42178-F99E-444B-93F7-4A1899E1E621}.Release|Any CPU.ActiveCfg = Release|Any CPU
		{96A42178-F99E-444B-93F7-4A1899E1E621}.Release|Any CPU.Build.0 = Release|Any CPU
	EndGlobalSection
	GlobalSection(SolutionProperties) = preSolution
		HideSolutionNode = FALSE
	EndGlobalSection
	GlobalSection(ExtensibilityGlobals) = postSolution
		SolutionGuid = {1879A05B-6DCA-447A-9FF9-78EA031A801C}
	EndGlobalSection
EndGlobal
